
Microsoft Visual Studio Solution File, Format Version 12.00
# Visual Studio Version 17
VisualStudioVersion = 17.5.33502.453
MinimumVisualStudioVersion = 10.0.40219.1
Project("{FAE04EC0-301F-11D3-BF4B-00C04F79EFBC}") = "BTH2", "BTH2\BTH2.csproj", "{655E36F7-7C6B-4016-9ED1-2827C4518468}"
EndProject
Global
	GlobalSection(SolutionConfigurationPlatforms) = preSolution
		Debug|Any CPU = Debug|Any CPU
		Release|Any CPU = Release|Any CPU
	EndGlobalSection
	GlobalSection(ProjectConfigurationPlatforms) = postSolution
		{655E36F7-7C6B-4016-9ED1-2827C4518468}.Debug|Any CPU.ActiveCfg = Debug|Any CPU
		{655E36F7-7C6B-4016-9ED1-2827C4518468}.Debug|Any CPU.Build.0 = Debug|Any CPU
		{655E36F7-7C6B-4016-9ED1-2827C4518468}.Release|Any CPU.ActiveCfg = Release|Any CPU
		{655E36F7-7C6B-4016-9ED1-2827C4518468}.Release|Any CPU.Build.0 = Release|Any CPU
	EndGlobalSection
	GlobalSection(SolutionProperties) = preSolution
		HideSolutionNode = FALSE
	EndGlobalSection
	GlobalSection(ExtensibilityGlobals) = postSolution
		SolutionGuid = {1C9E5438-B249-412A-A4AA-2554C7358651}
	EndGlobalSection
EndGlobal
